
Microsoft Visual Studio Solution File, Format Version 12.00
# Visual Studio Version 17
VisualStudioVersion = 17.7.34221.43
MinimumVisualStudioVersion = 10.0.40219.1
Project("{FAE04EC0-301F-11D3-BF4B-00C04F79EFBC}") = "MoviesAPI_Git", "MoviesAPI_Git\MoviesAPI_Git.csproj", "{B9099A9D-DBAC-4DBA-B013-02F5C40F1DF1}"
EndProject
Global
	GlobalSection(SolutionConfigurationPlatforms) = preSolution
		Debug|Any CPU = Debug|Any CPU
		Release|Any CPU = Release|Any CPU
	EndGlobalSection
	GlobalSection(ProjectConfigurationPlatforms) = postSolution
		{B9099A9D-DBAC-4DBA-B013-02F5C40F1DF1}.Debug|Any CPU.ActiveCfg = Debug|Any CPU
		{B9099A9D-DBAC-4DBA-B013-02F5C40F1DF1}.Debug|Any CPU.Build.0 = Debug|Any CPU
		{B9099A9D-DBAC-4DBA-B013-02F5C40F1DF1}.Release|Any CPU.ActiveCfg = Release|Any CPU
		{B9099A9D-DBAC-4DBA-B013-02F5C40F1DF1}.Release|Any CPU.Build.0 = Release|Any CPU
	EndGlobalSection
	GlobalSection(SolutionProperties) = preSolution
		HideSolutionNode = FALSE
	EndGlobalSection
	GlobalSection(ExtensibilityGlobals) = postSolution
		SolutionGuid = {F4B52FDB-5363-4AE6-A9AC-C94D4EAB7A37}
	EndGlobalSection
EndGlobal
